
Microsoft Visual Studio Solution File, Format Version 12.00
# Visual Studio 15
VisualStudioVersion = 15.0.27703.2000
MinimumVisualStudioVersion = 10.0.40219.1
Project("{FAE04EC0-301F-11D3-BF4B-00C04F79EFBC}") = "SurfTribeSystem-Web", "SurfTribeSystem1.0\SurfTribeSystem-Web.csproj", "{FECCFF37-A2D4-4F64-8DF5-56E9ACBE3C4B}"
EndProject
Project("{FAE04EC0-301F-11D3-BF4B-00C04F79EFBC}") = "SurfTribeSystem-Entidades", "SurfTribeSystem-Entidades\SurfTribeSystem-Entidades.csproj", "{51E3B1F3-84AD-4FD6-A57D-5D7BB72DB95D}"
EndProject
Project("{FAE04EC0-301F-11D3-BF4B-00C04F79EFBC}") = "SurfTribeSystem-Datos", "SurfTribeSystem-Datos\SurfTribeSystem-Datos.csproj", "{3901993C-2D10-4440-8CCD-02DC71B866D6}"
EndProject
Project("{FAE04EC0-301F-11D3-BF4B-00C04F79EFBC}") = "SurfTribeSystem-LogicaNegocio", "SurfTribeSystem-LogicaNegocio\SurfTribeSystem-LogicaNegocio.csproj", "{8D9E2EFA-25B5-40B2-8707-94CA02E59828}"
EndProject
Global
	GlobalSection(SolutionConfigurationPlatforms) = preSolution
		Debug|Any CPU = Debug|Any CPU
		Release|Any CPU = Release|Any CPU
	EndGlobalSection
	GlobalSection(ProjectConfigurationPlatforms) = postSolution
		{FECCFF37-A2D4-4F64-8DF5-56E9ACBE3C4B}.Debug|Any CPU.ActiveCfg = Debug|Any CPU
		{FECCFF37-A2D4-4F64-8DF5-56E9ACBE3C4B}.Debug|Any CPU.Build.0 = Debug|Any CPU
		{FECCFF37-A2D4-4F64-8DF5-56E9ACBE3C4B}.Release|Any CPU.ActiveCfg = Release|Any CPU
		{FECCFF37-A2D4-4F64-8DF5-56E9ACBE3C4B}.Release|Any CPU.Build.0 = Release|Any CPU
		{51E3B1F3-84AD-4FD6-A57D-5D7BB72DB95D}.Debug|Any CPU.ActiveCfg = Debug|Any CPU
		{51E3B1F3-84AD-4FD6-A57D-5D7BB72DB95D}.Debug|Any CPU.Build.0 = Debug|Any CPU
		{51E3B1F3-84AD-4FD6-A57D-5D7BB72DB95D}.Release|Any CPU.ActiveCfg = Release|Any CPU
		{51E3B1F3-84AD-4FD6-A57D-5D7BB72DB95D}.Release|Any CPU.Build.0 = Release|Any CPU
		{3901993C-2D10-4440-8CCD-02DC71B866D6}.Debug|Any CPU.ActiveCfg = Debug|Any CPU
		{3901993C-2D10-4440-8CCD-02DC71B866D6}.Debug|Any CPU.Build.0 = Debug|Any CPU
		{3901993C-2D10-4440-8CCD-02DC71B866D6}.Release|Any CPU.ActiveCfg = Release|Any CPU
		{3901993C-2D10-4440-8CCD-02DC71B866D6}.Release|Any CPU.Build.0 = Release|Any CPU
		{8D9E2EFA-25B5-40B2-8707-94CA02E59828}.Debug|Any CPU.ActiveCfg = Debug|Any CPU
		{8D9E2EFA-25B5-40B2-8707-94CA02E59828}.Debug|Any CPU.Build.0 = Debug|Any CPU
		{8D9E2EFA-25B5-40B2-8707-94CA02E59828}.Release|Any CPU.ActiveCfg = Release|Any CPU
		{8D9E2EFA-25B5-40B2-8707-94CA02E59828}.Release|Any CPU.Build.0 = Release|Any CPU
	EndGlobalSection
	GlobalSection(SolutionProperties) = preSolution
		HideSolutionNode = FALSE
	EndGlobalSection
	GlobalSection(ExtensibilityGlobals) = postSolution
		SolutionGuid = {EA7EB2B0-AF90-4649-B064-0A9D99F5FFA8}
	EndGlobalSection
EndGlobal
